
Microsoft Visual Studio Solution File, Format Version 12.00
# Visual Studio 2013
VisualStudioVersion = 12.0.31101.0
MinimumVisualStudioVersion = 10.0.40219.1
Project("{FAE04EC0-301F-11D3-BF4B-00C04F79EFBC}") = "JoymonOnline.Orchestration", "src\JoymonOnline.Orchestration\JoymonOnline.Orchestration.csproj", "{EC374C80-9FC0-4422-A01D-DF4484481199}"
EndProject
Project("{FAE04EC0-301F-11D3-BF4B-00C04F79EFBC}") = "JoymonOnline.Orchestration.Tests", "src\JoymonOnline.Orchestration.Tests\JoymonOnline.Orchestration.Tests.csproj", "{731C161B-9418-4A09-9A8E-5BB961591BEB}"
EndProject
Global
	GlobalSection(SolutionConfigurationPlatforms) = preSolution
		Debug|Any CPU = Debug|Any CPU
		Release|Any CPU = Release|Any CPU
	EndGlobalSection
	GlobalSection(ProjectConfigurationPlatforms) = postSolution
		{EC374C80-9FC0-4422-A01D-DF4484481199}.Debug|Any CPU.ActiveCfg = Debug|Any CPU
		{EC374C80-9FC0-4422-A01D-DF4484481199}.Debug|Any CPU.Build.0 = Debug|Any CPU
		{EC374C80-9FC0-4422-A01D-DF4484481199}.Release|Any CPU.ActiveCfg = Release|Any CPU
		{EC374C80-9FC0-4422-A01D-DF4484481199}.Release|Any CPU.Build.0 = Release|Any CPU
		{731C161B-9418-4A09-9A8E-5BB961591BEB}.Debug|Any CPU.ActiveCfg = Debug|Any CPU
		{731C161B-9418-4A09-9A8E-5BB961591BEB}.Debug|Any CPU.Build.0 = Debug|Any CPU
		{731C161B-9418-4A09-9A8E-5BB961591BEB}.Release|Any CPU.ActiveCfg = Release|Any CPU
		{731C161B-9418-4A09-9A8E-5BB961591BEB}.Release|Any CPU.Build.0 = Release|Any CPU
	EndGlobalSection
	GlobalSection(SolutionProperties) = preSolution
		HideSolutionNode = FALSE
	EndGlobalSection
EndGlobal
