
Microsoft Visual Studio Solution File, Format Version 12.00
# Visual Studio Version 16
VisualStudioVersion = 16.0.29728.190
MinimumVisualStudioVersion = 10.0.40219.1
Project("{FAE04EC0-301F-11D3-BF4B-00C04F79EFBC}") = "JoymonOnline.Orchestration", "src\JoymonOnline.Orchestration\JoymonOnline.Orchestration.csproj", "{EC374C80-9FC0-4422-A01D-DF4484481199}"
EndProject
Project("{9A19103F-16F7-4668-BE54-9A1E7A4F7556}") = "JoymonOnline.Orchestration.Tests", "tests\JoymonOnline.Orchestration.Tests\JoymonOnline.Orchestration.Tests.csproj", "{6DE50946-AF91-41C9-817E-67835672981C}"
EndProject
Global
	GlobalSection(SolutionConfigurationPlatforms) = preSolution
		Debug|Any CPU = Debug|Any CPU
		Release|Any CPU = Release|Any CPU
	EndGlobalSection
	GlobalSection(ProjectConfigurationPlatforms) = postSolution
		{EC374C80-9FC0-4422-A01D-DF4484481199}.Debug|Any CPU.ActiveCfg = Debug|Any CPU
		{EC374C80-9FC0-4422-A01D-DF4484481199}.Debug|Any CPU.Build.0 = Debug|Any CPU
		{EC374C80-9FC0-4422-A01D-DF4484481199}.Release|Any CPU.ActiveCfg = Release|Any CPU
		{EC374C80-9FC0-4422-A01D-DF4484481199}.Release|Any CPU.Build.0 = Release|Any CPU
		{6DE50946-AF91-41C9-817E-67835672981C}.Debug|Any CPU.ActiveCfg = Debug|Any CPU
		{6DE50946-AF91-41C9-817E-67835672981C}.Debug|Any CPU.Build.0 = Debug|Any CPU
		{6DE50946-AF91-41C9-817E-67835672981C}.Release|Any CPU.ActiveCfg = Release|Any CPU
		{6DE50946-AF91-41C9-817E-67835672981C}.Release|Any CPU.Build.0 = Release|Any CPU
	EndGlobalSection
	GlobalSection(SolutionProperties) = preSolution
		HideSolutionNode = FALSE
	EndGlobalSection
	GlobalSection(ExtensibilityGlobals) = postSolution
		SolutionGuid = {E8FD43DA-1ED0-4859-B6F4-36644754E01B}
	EndGlobalSection
EndGlobal
